
Microsoft Visual Studio Solution File, Format Version 12.00
# Visual Studio 15
Project("{FAE04EC0-301F-11D3-BF4B-00C04F79EFBC}") = "Book_Store", "Book_Store\Book_Store.csproj", "{F451A6F0-40D5-4709-A8F2-896AFA975E11}"
EndProject
Global
	GlobalSection(SolutionConfigurationPlatforms) = preSolution
		Debug|Any CPU = Debug|Any CPU
		Release|Any CPU = Release|Any CPU
	EndGlobalSection
	GlobalSection(ProjectConfigurationPlatforms) = postSolution
		{F451A6F0-40D5-4709-A8F2-896AFA975E11}.Debug|Any CPU.ActiveCfg = Debug|Any CPU
		{F451A6F0-40D5-4709-A8F2-896AFA975E11}.Debug|Any CPU.Build.0 = Debug|Any CPU
		{F451A6F0-40D5-4709-A8F2-896AFA975E11}.Release|Any CPU.ActiveCfg = Release|Any CPU
		{F451A6F0-40D5-4709-A8F2-896AFA975E11}.Release|Any CPU.Build.0 = Release|Any CPU
	EndGlobalSection
EndGlobal
